
Microsoft Visual Studio Solution File, Format Version 12.00
# Visual Studio Version 16
VisualStudioVersion = 16.0.31019.35
MinimumVisualStudioVersion = 10.0.40219.1
Project("{8BC9CEB8-8B4A-11D0-8D11-00A0C91BC942}") = "Controlador", "Controlador\Controlador.vcxproj", "{9322B5BE-DAFE-40F9-BD44-2730411DC0DD}"
EndProject
Project("{8BC9CEB8-8B4A-11D0-8D11-00A0C91BC942}") = "Aviao", "Aviao\Aviao.vcxproj", "{CE99D9BE-8D2F-41A4-B5AF-8E2EB2850F4D}"
EndProject
Project("{8BC9CEB8-8B4A-11D0-8D11-00A0C91BC942}") = "Passageiro", "Passageiro\Passageiro.vcxproj", "{4A9681D7-C47E-41FB-82AC-89E49635FD4A}"
EndProject
Global
	GlobalSection(SolutionConfigurationPlatforms) = preSolution
		Debug|x64 = Debug|x64
		Debug|x86 = Debug|x86
		Release|x64 = Release|x64
		Release|x86 = Release|x86
	EndGlobalSection
	GlobalSection(ProjectConfigurationPlatforms) = postSolution
		{9322B5BE-DAFE-40F9-BD44-2730411DC0DD}.Debug|x64.ActiveCfg = Debug|x64
		{9322B5BE-DAFE-40F9-BD44-2730411DC0DD}.Debug|x64.Build.0 = Debug|x64
		{9322B5BE-DAFE-40F9-BD44-2730411DC0DD}.Debug|x86.ActiveCfg = Debug|Win32
		{9322B5BE-DAFE-40F9-BD44-2730411DC0DD}.Debug|x86.Build.0 = Debug|Win32
		{9322B5BE-DAFE-40F9-BD44-2730411DC0DD}.Release|x64.ActiveCfg = Release|x64
		{9322B5BE-DAFE-40F9-BD44-2730411DC0DD}.Release|x64.Build.0 = Release|x64
		{9322B5BE-DAFE-40F9-BD44-2730411DC0DD}.Release|x86.ActiveCfg = Release|Win32
		{9322B5BE-DAFE-40F9-BD44-2730411DC0DD}.Release|x86.Build.0 = Release|Win32
		{CE99D9BE-8D2F-41A4-B5AF-8E2EB2850F4D}.Debug|x64.ActiveCfg = Debug|x64
		{CE99D9BE-8D2F-41A4-B5AF-8E2EB2850F4D}.Debug|x64.Build.0 = Debug|x64
		{CE99D9BE-8D2F-41A4-B5AF-8E2EB2850F4D}.Debug|x86.ActiveCfg = Debug|Win32
		{CE99D9BE-8D2F-41A4-B5AF-8E2EB2850F4D}.Debug|x86.Build.0 = Debug|Win32
		{CE99D9BE-8D2F-41A4-B5AF-8E2EB2850F4D}.Release|x64.ActiveCfg = Release|x64
		{CE99D9BE-8D2F-41A4-B5AF-8E2EB2850F4D}.Release|x64.Build.0 = Release|x64
		{CE99D9BE-8D2F-41A4-B5AF-8E2EB2850F4D}.Release|x86.ActiveCfg = Release|Win32
		{CE99D9BE-8D2F-41A4-B5AF-8E2EB2850F4D}.Release|x86.Build.0 = Release|Win32
		{4A9681D7-C47E-41FB-82AC-89E49635FD4A}.Debug|x64.ActiveCfg = Debug|x64
		{4A9681D7-C47E-41FB-82AC-89E49635FD4A}.Debug|x64.Build.0 = Debug|x64
		{4A9681D7-C47E-41FB-82AC-89E49635FD4A}.Debug|x86.ActiveCfg = Debug|Win32
		{4A9681D7-C47E-41FB-82AC-89E49635FD4A}.Debug|x86.Build.0 = Debug|Win32
		{4A9681D7-C47E-41FB-82AC-89E49635FD4A}.Release|x64.ActiveCfg = Release|x64
		{4A9681D7-C47E-41FB-82AC-89E49635FD4A}.Release|x64.Build.0 = Release|x64
		{4A9681D7-C47E-41FB-82AC-89E49635FD4A}.Release|x86.ActiveCfg = Release|Win32
		{4A9681D7-C47E-41FB-82AC-89E49635FD4A}.Release|x86.Build.0 = Release|Win32
	EndGlobalSection
	GlobalSection(SolutionProperties) = preSolution
		HideSolutionNode = FALSE
	EndGlobalSection
	GlobalSection(ExtensibilityGlobals) = postSolution
		SolutionGuid = {F4FED1E1-0D26-4EB6-911F-CCED12B11EC6}
	EndGlobalSection
EndGlobal
